
Microsoft Visual Studio Solution File, Format Version 12.00
# Visual Studio Version 16
VisualStudioVersion = 16.0.30717.126
MinimumVisualStudioVersion = 10.0.40219.1
Project("{888888A0-9F3D-457C-B088-3A5042F75D52}") = "SBFX", "SBFX\SBFX.pyproj", "{EC082363-76BB-469D-B8E8-21FB6B19B7EC}"
EndProject
Global
	GlobalSection(SolutionConfigurationPlatforms) = preSolution
		Debug|Any CPU = Debug|Any CPU
		Release|Any CPU = Release|Any CPU
	EndGlobalSection
	GlobalSection(ProjectConfigurationPlatforms) = postSolution
		{EC082363-76BB-469D-B8E8-21FB6B19B7EC}.Debug|Any CPU.ActiveCfg = Debug|Any CPU
		{EC082363-76BB-469D-B8E8-21FB6B19B7EC}.Debug|Any CPU.Build.0 = Debug|Any CPU
		{EC082363-76BB-469D-B8E8-21FB6B19B7EC}.Release|Any CPU.ActiveCfg = Release|Any CPU
		{EC082363-76BB-469D-B8E8-21FB6B19B7EC}.Release|Any CPU.Build.0 = Release|Any CPU
	EndGlobalSection
	GlobalSection(SolutionProperties) = preSolution
		HideSolutionNode = FALSE
	EndGlobalSection
	GlobalSection(ExtensibilityGlobals) = postSolution
		SolutionGuid = {834B1C97-4E9C-4B83-882E-A510EA2A18C5}
	EndGlobalSection
EndGlobal
